
Microsoft Visual Studio Solution File, Format Version 12.00
# Visual Studio Version 17
VisualStudioVersion = 17.2.32616.157
MinimumVisualStudioVersion = 10.0.40219.1
Project("{FAE04EC0-301F-11D3-BF4B-00C04F79EFBC}") = "OpenWeatherMapAPI", "OpenWeatherMapAPI\OpenWeatherMapAPI.csproj", "{C0E61E29-014A-45B2-830E-14BC2F46D078}"
EndProject
Global
	GlobalSection(SolutionConfigurationPlatforms) = preSolution
		Debug|Any CPU = Debug|Any CPU
		Release|Any CPU = Release|Any CPU
	EndGlobalSection
	GlobalSection(ProjectConfigurationPlatforms) = postSolution
		{C0E61E29-014A-45B2-830E-14BC2F46D078}.Debug|Any CPU.ActiveCfg = Debug|Any CPU
		{C0E61E29-014A-45B2-830E-14BC2F46D078}.Debug|Any CPU.Build.0 = Debug|Any CPU
		{C0E61E29-014A-45B2-830E-14BC2F46D078}.Release|Any CPU.ActiveCfg = Release|Any CPU
		{C0E61E29-014A-45B2-830E-14BC2F46D078}.Release|Any CPU.Build.0 = Release|Any CPU
	EndGlobalSection
	GlobalSection(SolutionProperties) = preSolution
		HideSolutionNode = FALSE
	EndGlobalSection
	GlobalSection(ExtensibilityGlobals) = postSolution
		SolutionGuid = {9CFE2B74-632C-49E8-B098-B18E88517FDF}
	EndGlobalSection
EndGlobal
